{
  "name": "AppFrontend",
  "version": "1.0.0",
  "lockfileVersion": 3,
  "requires": true,
  "packages": {
    "": {
      "name": "AppFrontend",
      "version": "1.0.0",
      "dependencies": {
        "compressorjs": "^1.3.0"
      }
    },
    "node_modules/blueimp-canvas-to-blob": {
      "version": "3.29.0",
      "resolved": "https://registry.npmjs.org/blueimp-canvas-to-blob/-/blueimp-canvas-to-blob-3.29.0.tgz",
      "integrity": "sha512-0pcSSGxC0QxT+yVkivxIqW0Y4VlO2XSDPofBAqoJ1qJxgH9eiUDLv50Rixij2cDuEfx4M6DpD9UGZpRhT5Q8qg==",
      "license": "MIT"
    },
    "node_modules/compressorjs": {
      "version": "1.3.0",
      "resolved": "https://registry.npmjs.org/compressorjs/-/compressorjs-1.3.0.tgz",
      "integrity": "sha512-TsvzkRgDm/6mIRUdxJbrTH7kfSW3oJzOw8b1xU60fziQSosTML5TczpO6Z4H1LGF0yRmTotk6r5UNhuRxEwA1A==",
      "license": "MIT",
      "dependencies": {
        "blueimp-canvas-to-blob": "^3.29.0",
        "is-blob": "^2.1.0"
      }
    },
    "node_modules/is-blob": {
      "version": "2.1.0",
      "resolved": "https://registry.npmjs.org/is-blob/-/is-blob-2.1.0.tgz",
      "integrity": "sha512-SZ/fTft5eUhQM6oF/ZaASFDEdbFVe89Imltn9uZr03wdKMcWNVYSMjQPFtg05QuNkt5l5c135ElvXEQG0rk4tw==",
      "license": "MIT",
      "engines": {
        "node": ">=6"
      },
      "funding": {
        "url": "https://github.com/sponsors/sindresorhus"
      }
    }
  }
}
